<?xml version="1.0" encoding="utf-8"?>
<Project ToolsVersion="4.0" xmlns="http://schemas.microsoft.com/developer/msbuild/2003">
  <ItemGroup>
    <Filter Include="源文件">
      <UniqueIdentifier>{4FC737F1-C7A5-4376-A066-2A32D752A2FF}</UniqueIdentifier>
      <Extensions>cpp;c;cc;cxx;def;odl;idl;hpj;bat;asm;asmx</Extensions>
    </Filter>
    <Filter Include="头文件">
      <UniqueIdentifier>{93995380-89BD-4b04-88EB-625FBE52EBFB}</UniqueIdentifier>
      <Extensions>h;hh;hpp;hxx;hm;inl;inc;xsd</Extensions>
    </Filter>
    <Filter Include="资源文件">
      <UniqueIdentifier>{67DA6AB6-F800-4c08-8B7A-83BB121AAD01}</UniqueIdentifier>
      <Extensions>rc;ico;cur;bmp;dlg;rc2;rct;bin;rgs;gif;jpg;jpeg;jpe;resx;tiff;tif;png;wav;mfcribbon-ms</Extensions>
    </Filter>
    <Filter Include="DUI">
      <UniqueIdentifier>{62735dec-2245-40b9-a246-b3cbf340fcf5}</UniqueIdentifier>
    </Filter>
    <Filter Include="RDBManager">
      <UniqueIdentifier>{1d25e7fb-8678-4dd9-bb16-96a97ed9932c}</UniqueIdentifier>
    </Filter>
    <Filter Include="Common">
      <UniqueIdentifier>{99b28306-8051-4355-bab2-cef942d6abb4}</UniqueIdentifier>
    </Filter>
    <Filter Include="DUI\Header">
      <UniqueIdentifier>{da9a027b-457b-4706-93a1-bcd0629fe3b7}</UniqueIdentifier>
    </Filter>
    <Filter Include="DUI\Source">
      <UniqueIdentifier>{7b8d32ac-1437-469d-aa0c-67aae9d5ab94}</UniqueIdentifier>
    </Filter>
  </ItemGroup>
  <ItemGroup>
    <Text Include="ReadMe.txt" />
  </ItemGroup>
  <ItemGroup>
    <ClInclude Include="DUI_Demo.h">
      <Filter>头文件</Filter>
    </ClInclude>
    <ClInclude Include="DUI_DemoDlg.h">
      <Filter>头文件</Filter>
    </ClInclude>
    <ClInclude Include="stdafx.h">
      <Filter>头文件</Filter>
    </ClInclude>
    <ClInclude Include="targetver.h">
      <Filter>头文件</Filter>
    </ClInclude>
    <ClInclude Include="Resource.h">
      <Filter>头文件</Filter>
    </ClInclude>
    <ClInclude Include="RDBManager\RDBManager.h">
      <Filter>RDBManager</Filter>
    </ClInclude>
    <ClInclude Include="Common\CallBack.hpp">
      <Filter>Common</Filter>
    </ClInclude>
    <ClInclude Include="Common\Def.h">
      <Filter>Common</Filter>
    </ClInclude>
    <ClInclude Include="Common\Functions.h">
      <Filter>Common</Filter>
    </ClInclude>
    <ClInclude Include="Common\MemDC.h">
      <Filter>Common</Filter>
    </ClInclude>
    <ClInclude Include="DUI\DUI_Button.h">
      <Filter>DUI\Header</Filter>
    </ClInclude>
    <ClInclude Include="DUI\DUI_CheckBox.h">
      <Filter>DUI\Header</Filter>
    </ClInclude>
    <ClInclude Include="DUI\DUI_ControlBase.h">
      <Filter>DUI\Header</Filter>
    </ClInclude>
    <ClInclude Include="DUI\DUI_ImageBox.h">
      <Filter>DUI\Header</Filter>
    </ClInclude>
    <ClInclude Include="DUI\DUI_Lable.h">
      <Filter>DUI\Header</Filter>
    </ClInclude>
    <ClInclude Include="DUI\DUI_ProgressBar.h">
      <Filter>DUI\Header</Filter>
    </ClInclude>
    <ClInclude Include="DUI\DUI_Prompt.h">
      <Filter>DUI\Header</Filter>
    </ClInclude>
    <ClInclude Include="DUI\DUI_Radio.h">
      <Filter>DUI\Header</Filter>
    </ClInclude>
    <ClInclude Include="DUI\DUI_ImageButton.h">
      <Filter>DUI\Header</Filter>
    </ClInclude>
    <ClInclude Include="DUI\DUI_RadioGroup.h">
      <Filter>DUI\Header</Filter>
    </ClInclude>
    <ClInclude Include="DUI\DUI_Window.h">
      <Filter>DUI\Header</Filter>
    </ClInclude>
    <ClInclude Include="DUI\DUI_Object.h">
      <Filter>DUI\Header</Filter>
    </ClInclude>
    <ClInclude Include="DUI\DUI_GroupBox.h">
      <Filter>DUI\Header</Filter>
    </ClInclude>
  </ItemGroup>
  <ItemGroup>
    <ClCompile Include="DUI_Demo.cpp">
      <Filter>源文件</Filter>
    </ClCompile>
    <ClCompile Include="DUI_DemoDlg.cpp">
      <Filter>源文件</Filter>
    </ClCompile>
    <ClCompile Include="stdafx.cpp">
      <Filter>源文件</Filter>
    </ClCompile>
    <ClCompile Include="RDBManager\RDBManager.cpp">
      <Filter>RDBManager</Filter>
    </ClCompile>
    <ClCompile Include="Common\Functions.cpp">
      <Filter>Common</Filter>
    </ClCompile>
    <ClCompile Include="Common\MemDC.cpp">
      <Filter>Common</Filter>
    </ClCompile>
    <ClCompile Include="DUI\DUI_Button.cpp">
      <Filter>DUI\Source</Filter>
    </ClCompile>
    <ClCompile Include="DUI\DUI_CheckBox.cpp">
      <Filter>DUI\Source</Filter>
    </ClCompile>
    <ClCompile Include="DUI\DUI_ControlBase.cpp">
      <Filter>DUI\Source</Filter>
    </ClCompile>
    <ClCompile Include="DUI\DUI_ImageBox.cpp">
      <Filter>DUI\Source</Filter>
    </ClCompile>
    <ClCompile Include="DUI\DUI_ImageButton.cpp">
      <Filter>DUI\Source</Filter>
    </ClCompile>
    <ClCompile Include="DUI\DUI_Lable.cpp">
      <Filter>DUI\Source</Filter>
    </ClCompile>
    <ClCompile Include="DUI\DUI_ProgressBar.cpp">
      <Filter>DUI\Source</Filter>
    </ClCompile>
    <ClCompile Include="DUI\DUI_Prompt.cpp">
      <Filter>DUI\Source</Filter>
    </ClCompile>
    <ClCompile Include="DUI\DUI_Radio.cpp">
      <Filter>DUI\Source</Filter>
    </ClCompile>
    <ClCompile Include="DUI\DUI_RadioGroup.cpp">
      <Filter>DUI\Source</Filter>
    </ClCompile>
    <ClCompile Include="DUI\DUI_Window.cpp">
      <Filter>DUI\Source</Filter>
    </ClCompile>
    <ClCompile Include="DUI\DUI_Object.cpp">
      <Filter>DUI\Source</Filter>
    </ClCompile>
    <ClCompile Include="DUI\DUI_GroupBox.cpp">
      <Filter>DUI\Source</Filter>
    </ClCompile>
  </ItemGroup>
  <ItemGroup>
    <ResourceCompile Include="DUI_Demo.rc">
      <Filter>资源文件</Filter>
    </ResourceCompile>
  </ItemGroup>
  <ItemGroup>
    <None Include="res\DUI_Demo.rc2">
      <Filter>资源文件</Filter>
    </None>
    <None Include="res\DUI_Res.RDB" />
  </ItemGroup>
  <ItemGroup>
    <Image Include="res\DUI_Demo.ico">
      <Filter>资源文件</Filter>
    </Image>
    <Image Include="res\Btn_2.png">
      <Filter>资源文件</Filter>
    </Image>
    <Image Include="res\Btn_3.png">
      <Filter>资源文件</Filter>
    </Image>
    <Image Include="res\Btn_Normal.png">
      <Filter>资源文件</Filter>
    </Image>
    <Image Include="res\CheckBox.png">
      <Filter>资源文件</Filter>
    </Image>
    <Image Include="res\RadioBox.png">
      <Filter>资源文件</Filter>
    </Image>
    <Image Include="res\Sys.png">
      <Filter>资源文件</Filter>
    </Image>
    <Image Include="res\SysBTN.PNG">
      <Filter>资源文件</Filter>
    </Image>
    <Image Include="res\控制按钮素材.png">
      <Filter>资源文件</Filter>
    </Image>
    <Image Include="..\Image\Icon.ico">
      <Filter>资源文件</Filter>
    </Image>
    <Image Include="res\bkg2.jpg">
      <Filter>资源文件</Filter>
    </Image>
  </ItemGroup>
</Project>